
Microsoft Visual Studio Solution File, Format Version 12.00
# Visual Studio Version 17
VisualStudioVersion = 17.0.31919.166
MinimumVisualStudioVersion = 10.0.40219.1
Project("{FAE04EC0-301F-11D3-BF4B-00C04F79EFBC}") = "portfolioAPI", "portfolioAPI.csproj", "{C052755D-61CA-45DA-89E0-53225250C380}"
EndProject
Global
	GlobalSection(SolutionConfigurationPlatforms) = preSolution
		Debug|Any CPU = Debug|Any CPU
		Release|Any CPU = Release|Any CPU
	EndGlobalSection
	GlobalSection(ProjectConfigurationPlatforms) = postSolution
		{C052755D-61CA-45DA-89E0-53225250C380}.Debug|Any CPU.ActiveCfg = Debug|Any CPU
		{C052755D-61CA-45DA-89E0-53225250C380}.Debug|Any CPU.Build.0 = Debug|Any CPU
		{C052755D-61CA-45DA-89E0-53225250C380}.Release|Any CPU.ActiveCfg = Release|Any CPU
		{C052755D-61CA-45DA-89E0-53225250C380}.Release|Any CPU.Build.0 = Release|Any CPU
	EndGlobalSection
	GlobalSection(SolutionProperties) = preSolution
		HideSolutionNode = FALSE
	EndGlobalSection
	GlobalSection(ExtensibilityGlobals) = postSolution
		SolutionGuid = {DE0D39D7-9046-4A18-BF69-A77FD7EE5D52}
	EndGlobalSection
EndGlobal
